
Microsoft Visual Studio Solution File, Format Version 12.00
# Visual Studio Version 17
VisualStudioVersion = 17.2.32526.322
MinimumVisualStudioVersion = 10.0.40219.1
Project("{FAE04EC0-301F-11D3-BF4B-00C04F79EFBC}") = "RadioButton_kontrola", "RadioButton_kontrola\RadioButton_kontrola.csproj", "{AA7A3907-57BB-44AC-8962-4D6247592D8D}"
EndProject
Global
	GlobalSection(SolutionConfigurationPlatforms) = preSolution
		Debug|Any CPU = Debug|Any CPU
		Release|Any CPU = Release|Any CPU
	EndGlobalSection
	GlobalSection(ProjectConfigurationPlatforms) = postSolution
		{AA7A3907-57BB-44AC-8962-4D6247592D8D}.Debug|Any CPU.ActiveCfg = Debug|Any CPU
		{AA7A3907-57BB-44AC-8962-4D6247592D8D}.Debug|Any CPU.Build.0 = Debug|Any CPU
		{AA7A3907-57BB-44AC-8962-4D6247592D8D}.Release|Any CPU.ActiveCfg = Release|Any CPU
		{AA7A3907-57BB-44AC-8962-4D6247592D8D}.Release|Any CPU.Build.0 = Release|Any CPU
	EndGlobalSection
	GlobalSection(SolutionProperties) = preSolution
		HideSolutionNode = FALSE
	EndGlobalSection
	GlobalSection(ExtensibilityGlobals) = postSolution
		SolutionGuid = {9E4859C6-1FA1-4EB7-B985-277E4E9B1320}
	EndGlobalSection
EndGlobal
